
Microsoft Visual Studio Solution File, Format Version 12.00
# Visual Studio Version 17
VisualStudioVersion = 17.10.34916.146
MinimumVisualStudioVersion = 10.0.40219.1
Project("{2150E333-8FDC-42A3-9474-1A3956D46DE8}") = "Services", "Services", "{04A07A73-88B1-4A56-9607-FBD89B420EF2}"
EndProject
Project("{2150E333-8FDC-42A3-9474-1A3956D46DE8}") = "Catalog", "Catalog", "{AE180395-8F04-4F65-97C1-747B6D7B0852}"
EndProject
Project("{9A19103F-16F7-4668-BE54-9A1E7A4F7556}") = "Catalog.API", "Services\Catalog\Catalog.API\Catalog.API.csproj", "{2BF21ABC-BFD8-4A89-AA14-9D647EE25964}"
EndProject
Project("{2150E333-8FDC-42A3-9474-1A3956D46DE8}") = "BuildingBlocks", "BuildingBlocks", "{C0BD0BDE-BF13-428D-832B-C5A7918111B7}"
EndProject
Project("{9A19103F-16F7-4668-BE54-9A1E7A4F7556}") = "BuildingBlocks", "BuildingBlocks\BuildingBlocks\BuildingBlocks.csproj", "{6646CFAC-EED7-429A-AC81-FB103007B0D3}"
EndProject
Project("{E53339B2-1760-4266-BCC7-CA923CBCF16C}") = "docker-compose", "docker-compose.dcproj", "{89401E84-6EC0-476F-94C2-6C9B24726121}"
EndProject
Project("{2150E333-8FDC-42A3-9474-1A3956D46DE8}") = "Basket", "Basket", "{24D9C1AF-E3A7-4F58-A390-820D74EC1075}"
EndProject
Project("{9A19103F-16F7-4668-BE54-9A1E7A4F7556}") = "Basket.API", "Services\Basket\Basket.API\Basket.API.csproj", "{D5BF5A56-32F4-445E-8B15-343A821F7046}"
EndProject
Global
	GlobalSection(SolutionConfigurationPlatforms) = preSolution
		Debug|Any CPU = Debug|Any CPU
		Release|Any CPU = Release|Any CPU
	EndGlobalSection
	GlobalSection(ProjectConfigurationPlatforms) = postSolution
		{2BF21ABC-BFD8-4A89-AA14-9D647EE25964}.Debug|Any CPU.ActiveCfg = Debug|Any CPU
		{2BF21ABC-BFD8-4A89-AA14-9D647EE25964}.Debug|Any CPU.Build.0 = Debug|Any CPU
		{2BF21ABC-BFD8-4A89-AA14-9D647EE25964}.Release|Any CPU.ActiveCfg = Release|Any CPU
		{2BF21ABC-BFD8-4A89-AA14-9D647EE25964}.Release|Any CPU.Build.0 = Release|Any CPU
		{6646CFAC-EED7-429A-AC81-FB103007B0D3}.Debug|Any CPU.ActiveCfg = Debug|Any CPU
		{6646CFAC-EED7-429A-AC81-FB103007B0D3}.Debug|Any CPU.Build.0 = Debug|Any CPU
		{6646CFAC-EED7-429A-AC81-FB103007B0D3}.Release|Any CPU.ActiveCfg = Release|Any CPU
		{6646CFAC-EED7-429A-AC81-FB103007B0D3}.Release|Any CPU.Build.0 = Release|Any CPU
		{89401E84-6EC0-476F-94C2-6C9B24726121}.Debug|Any CPU.ActiveCfg = Debug|Any CPU
		{89401E84-6EC0-476F-94C2-6C9B24726121}.Debug|Any CPU.Build.0 = Debug|Any CPU
		{89401E84-6EC0-476F-94C2-6C9B24726121}.Release|Any CPU.ActiveCfg = Release|Any CPU
		{89401E84-6EC0-476F-94C2-6C9B24726121}.Release|Any CPU.Build.0 = Release|Any CPU
		{D5BF5A56-32F4-445E-8B15-343A821F7046}.Debug|Any CPU.ActiveCfg = Debug|Any CPU
		{D5BF5A56-32F4-445E-8B15-343A821F7046}.Debug|Any CPU.Build.0 = Debug|Any CPU
		{D5BF5A56-32F4-445E-8B15-343A821F7046}.Release|Any CPU.ActiveCfg = Release|Any CPU
		{D5BF5A56-32F4-445E-8B15-343A821F7046}.Release|Any CPU.Build.0 = Release|Any CPU
	EndGlobalSection
	GlobalSection(SolutionProperties) = preSolution
		HideSolutionNode = FALSE
	EndGlobalSection
	GlobalSection(NestedProjects) = preSolution
		{AE180395-8F04-4F65-97C1-747B6D7B0852} = {04A07A73-88B1-4A56-9607-FBD89B420EF2}
		{2BF21ABC-BFD8-4A89-AA14-9D647EE25964} = {AE180395-8F04-4F65-97C1-747B6D7B0852}
		{6646CFAC-EED7-429A-AC81-FB103007B0D3} = {C0BD0BDE-BF13-428D-832B-C5A7918111B7}
		{24D9C1AF-E3A7-4F58-A390-820D74EC1075} = {04A07A73-88B1-4A56-9607-FBD89B420EF2}
		{D5BF5A56-32F4-445E-8B15-343A821F7046} = {24D9C1AF-E3A7-4F58-A390-820D74EC1075}
	EndGlobalSection
	GlobalSection(ExtensibilityGlobals) = postSolution
		SolutionGuid = {7B62AD10-E395-42FC-8124-F8022F9FBCC5}
	EndGlobalSection
EndGlobal
