
Microsoft Visual Studio Solution File, Format Version 12.00
# Visual Studio Version 17
VisualStudioVersion = 17.10.34916.146
MinimumVisualStudioVersion = 10.0.40219.1
Project("{2150E333-8FDC-42A3-9474-1A3956D46DE8}") = "Services", "Services", "{04A07A73-88B1-4A56-9607-FBD89B420EF2}"
EndProject
Project("{2150E333-8FDC-42A3-9474-1A3956D46DE8}") = "Catalog", "Catalog", "{AE180395-8F04-4F65-97C1-747B6D7B0852}"
EndProject
Project("{9A19103F-16F7-4668-BE54-9A1E7A4F7556}") = "Catalog.API", "Services\Catalog\Catalog.API\Catalog.API.csproj", "{2BF21ABC-BFD8-4A89-AA14-9D647EE25964}"
EndProject
Project("{2150E333-8FDC-42A3-9474-1A3956D46DE8}") = "BuildingBlocks", "BuildingBlocks", "{C0BD0BDE-BF13-428D-832B-C5A7918111B7}"
EndProject
Project("{9A19103F-16F7-4668-BE54-9A1E7A4F7556}") = "BuildingBlocks", "BuildingBlocks\BuildingBlocks\BuildingBlocks.csproj", "{6646CFAC-EED7-429A-AC81-FB103007B0D3}"
EndProject
Project("{E53339B2-1760-4266-BCC7-CA923CBCF16C}") = "docker-compose", "docker-compose.dcproj", "{89401E84-6EC0-476F-94C2-6C9B24726121}"
EndProject
Project("{2150E333-8FDC-42A3-9474-1A3956D46DE8}") = "Basket", "Basket", "{24D9C1AF-E3A7-4F58-A390-820D74EC1075}"
EndProject
Project("{9A19103F-16F7-4668-BE54-9A1E7A4F7556}") = "Basket.API", "Services\Basket\Basket.API\Basket.API.csproj", "{D5BF5A56-32F4-445E-8B15-343A821F7046}"
EndProject
Project("{2150E333-8FDC-42A3-9474-1A3956D46DE8}") = "Discount", "Discount", "{7B508C3E-74D6-412D-9427-45D79D559B00}"
EndProject
Project("{9A19103F-16F7-4668-BE54-9A1E7A4F7556}") = "Discount.Grpc", "Services\Discount\Discount.Grpc\Discount.Grpc.csproj", "{F8EF28D7-65BC-4E09-89F3-DF0C17E8FA49}"
EndProject
Project("{2150E333-8FDC-42A3-9474-1A3956D46DE8}") = "Ordering", "Ordering", "{21C3ABBF-5D94-49D5-9519-5C33EA4EA5FF}"
EndProject
Project("{9A19103F-16F7-4668-BE54-9A1E7A4F7556}") = "Ordering.API", "Services\Ordering\Ordering.API\Ordering.API.csproj", "{A5358F6B-EA45-4206-A773-0653A23B6697}"
EndProject
Project("{FAE04EC0-301F-11D3-BF4B-00C04F79EFBC}") = "Ordering.Domain", "Services\Ordering\Ordering.Domain\Ordering.Domain.csproj", "{67BB360C-E242-4F99-B3E1-F0ED603C1D92}"
EndProject
Project("{FAE04EC0-301F-11D3-BF4B-00C04F79EFBC}") = "Ordering.Application", "Services\Ordering\Ordering.Application\Ordering.Application.csproj", "{2748B183-F20C-4A6F-A036-B472B9CE7247}"
EndProject
Project("{FAE04EC0-301F-11D3-BF4B-00C04F79EFBC}") = "Ordering.Infrastructure", "Services\Ordering\Ordering.Infrastructure\Ordering.Infrastructure.csproj", "{F578F651-6959-4B93-BF26-95EDACDF92C3}"
EndProject
Global
	GlobalSection(SolutionConfigurationPlatforms) = preSolution
		Debug|Any CPU = Debug|Any CPU
		Release|Any CPU = Release|Any CPU
	EndGlobalSection
	GlobalSection(ProjectConfigurationPlatforms) = postSolution
		{2BF21ABC-BFD8-4A89-AA14-9D647EE25964}.Debug|Any CPU.ActiveCfg = Debug|Any CPU
		{2BF21ABC-BFD8-4A89-AA14-9D647EE25964}.Debug|Any CPU.Build.0 = Debug|Any CPU
		{2BF21ABC-BFD8-4A89-AA14-9D647EE25964}.Release|Any CPU.ActiveCfg = Release|Any CPU
		{2BF21ABC-BFD8-4A89-AA14-9D647EE25964}.Release|Any CPU.Build.0 = Release|Any CPU
		{6646CFAC-EED7-429A-AC81-FB103007B0D3}.Debug|Any CPU.ActiveCfg = Debug|Any CPU
		{6646CFAC-EED7-429A-AC81-FB103007B0D3}.Debug|Any CPU.Build.0 = Debug|Any CPU
		{6646CFAC-EED7-429A-AC81-FB103007B0D3}.Release|Any CPU.ActiveCfg = Release|Any CPU
		{6646CFAC-EED7-429A-AC81-FB103007B0D3}.Release|Any CPU.Build.0 = Release|Any CPU
		{89401E84-6EC0-476F-94C2-6C9B24726121}.Debug|Any CPU.ActiveCfg = Debug|Any CPU
		{89401E84-6EC0-476F-94C2-6C9B24726121}.Debug|Any CPU.Build.0 = Debug|Any CPU
		{89401E84-6EC0-476F-94C2-6C9B24726121}.Release|Any CPU.ActiveCfg = Release|Any CPU
		{89401E84-6EC0-476F-94C2-6C9B24726121}.Release|Any CPU.Build.0 = Release|Any CPU
		{D5BF5A56-32F4-445E-8B15-343A821F7046}.Debug|Any CPU.ActiveCfg = Debug|Any CPU
		{D5BF5A56-32F4-445E-8B15-343A821F7046}.Debug|Any CPU.Build.0 = Debug|Any CPU
		{D5BF5A56-32F4-445E-8B15-343A821F7046}.Release|Any CPU.ActiveCfg = Release|Any CPU
		{D5BF5A56-32F4-445E-8B15-343A821F7046}.Release|Any CPU.Build.0 = Release|Any CPU
		{F8EF28D7-65BC-4E09-89F3-DF0C17E8FA49}.Debug|Any CPU.ActiveCfg = Debug|Any CPU
		{F8EF28D7-65BC-4E09-89F3-DF0C17E8FA49}.Debug|Any CPU.Build.0 = Debug|Any CPU
		{F8EF28D7-65BC-4E09-89F3-DF0C17E8FA49}.Release|Any CPU.ActiveCfg = Release|Any CPU
		{F8EF28D7-65BC-4E09-89F3-DF0C17E8FA49}.Release|Any CPU.Build.0 = Release|Any CPU
		{A5358F6B-EA45-4206-A773-0653A23B6697}.Debug|Any CPU.ActiveCfg = Debug|Any CPU
		{A5358F6B-EA45-4206-A773-0653A23B6697}.Debug|Any CPU.Build.0 = Debug|Any CPU
		{A5358F6B-EA45-4206-A773-0653A23B6697}.Release|Any CPU.ActiveCfg = Release|Any CPU
		{A5358F6B-EA45-4206-A773-0653A23B6697}.Release|Any CPU.Build.0 = Release|Any CPU
		{67BB360C-E242-4F99-B3E1-F0ED603C1D92}.Debug|Any CPU.ActiveCfg = Debug|Any CPU
		{67BB360C-E242-4F99-B3E1-F0ED603C1D92}.Debug|Any CPU.Build.0 = Debug|Any CPU
		{67BB360C-E242-4F99-B3E1-F0ED603C1D92}.Release|Any CPU.ActiveCfg = Release|Any CPU
		{67BB360C-E242-4F99-B3E1-F0ED603C1D92}.Release|Any CPU.Build.0 = Release|Any CPU
		{2748B183-F20C-4A6F-A036-B472B9CE7247}.Debug|Any CPU.ActiveCfg = Debug|Any CPU
		{2748B183-F20C-4A6F-A036-B472B9CE7247}.Debug|Any CPU.Build.0 = Debug|Any CPU
		{2748B183-F20C-4A6F-A036-B472B9CE7247}.Release|Any CPU.ActiveCfg = Release|Any CPU
		{2748B183-F20C-4A6F-A036-B472B9CE7247}.Release|Any CPU.Build.0 = Release|Any CPU
		{F578F651-6959-4B93-BF26-95EDACDF92C3}.Debug|Any CPU.ActiveCfg = Debug|Any CPU
		{F578F651-6959-4B93-BF26-95EDACDF92C3}.Debug|Any CPU.Build.0 = Debug|Any CPU
		{F578F651-6959-4B93-BF26-95EDACDF92C3}.Release|Any CPU.ActiveCfg = Release|Any CPU
		{F578F651-6959-4B93-BF26-95EDACDF92C3}.Release|Any CPU.Build.0 = Release|Any CPU
	EndGlobalSection
	GlobalSection(SolutionProperties) = preSolution
		HideSolutionNode = FALSE
	EndGlobalSection
	GlobalSection(NestedProjects) = preSolution
		{AE180395-8F04-4F65-97C1-747B6D7B0852} = {04A07A73-88B1-4A56-9607-FBD89B420EF2}
		{2BF21ABC-BFD8-4A89-AA14-9D647EE25964} = {AE180395-8F04-4F65-97C1-747B6D7B0852}
		{6646CFAC-EED7-429A-AC81-FB103007B0D3} = {C0BD0BDE-BF13-428D-832B-C5A7918111B7}
		{24D9C1AF-E3A7-4F58-A390-820D74EC1075} = {04A07A73-88B1-4A56-9607-FBD89B420EF2}
		{D5BF5A56-32F4-445E-8B15-343A821F7046} = {24D9C1AF-E3A7-4F58-A390-820D74EC1075}
		{7B508C3E-74D6-412D-9427-45D79D559B00} = {04A07A73-88B1-4A56-9607-FBD89B420EF2}
		{F8EF28D7-65BC-4E09-89F3-DF0C17E8FA49} = {7B508C3E-74D6-412D-9427-45D79D559B00}
		{21C3ABBF-5D94-49D5-9519-5C33EA4EA5FF} = {04A07A73-88B1-4A56-9607-FBD89B420EF2}
		{A5358F6B-EA45-4206-A773-0653A23B6697} = {21C3ABBF-5D94-49D5-9519-5C33EA4EA5FF}
		{67BB360C-E242-4F99-B3E1-F0ED603C1D92} = {21C3ABBF-5D94-49D5-9519-5C33EA4EA5FF}
		{2748B183-F20C-4A6F-A036-B472B9CE7247} = {21C3ABBF-5D94-49D5-9519-5C33EA4EA5FF}
		{F578F651-6959-4B93-BF26-95EDACDF92C3} = {21C3ABBF-5D94-49D5-9519-5C33EA4EA5FF}
	EndGlobalSection
	GlobalSection(ExtensibilityGlobals) = postSolution
		SolutionGuid = {7B62AD10-E395-42FC-8124-F8022F9FBCC5}
	EndGlobalSection
EndGlobal
